
Microsoft Visual Studio Solution File, Format Version 12.00
# Visual Studio Version 17
VisualStudioVersion = 17.7.34031.279
MinimumVisualStudioVersion = 10.0.40219.1
Project("{FAE04EC0-301F-11D3-BF4B-00C04F79EFBC}") = "NaviDoctor", "NaviDoctor\NaviDoctor.csproj", "{1E30346B-F96D-4352-9EC7-793C06EF6005}"
EndProject
Project("{FAE04EC0-301F-11D3-BF4B-00C04F79EFBC}") = "NaviDoctor.Tests", "NaviDoctor.Tests\NaviDoctor.Tests.csproj", "{57751C6C-42EB-49C1-ADFC-5127F91EFC7A}"
EndProject
Global
	GlobalSection(SolutionConfigurationPlatforms) = preSolution
		Debug|Any CPU = Debug|Any CPU
		Release|Any CPU = Release|Any CPU
	EndGlobalSection
	GlobalSection(ProjectConfigurationPlatforms) = postSolution
		{1E30346B-F96D-4352-9EC7-793C06EF6005}.Debug|Any CPU.ActiveCfg = Debug|Any CPU
		{1E30346B-F96D-4352-9EC7-793C06EF6005}.Debug|Any CPU.Build.0 = Debug|Any CPU
		{1E30346B-F96D-4352-9EC7-793C06EF6005}.Release|Any CPU.ActiveCfg = Release|Any CPU
		{1E30346B-F96D-4352-9EC7-793C06EF6005}.Release|Any CPU.Build.0 = Release|Any CPU
		{57751C6C-42EB-49C1-ADFC-5127F91EFC7A}.Debug|Any CPU.ActiveCfg = Debug|Any CPU
		{57751C6C-42EB-49C1-ADFC-5127F91EFC7A}.Debug|Any CPU.Build.0 = Debug|Any CPU
		{57751C6C-42EB-49C1-ADFC-5127F91EFC7A}.Release|Any CPU.ActiveCfg = Release|Any CPU
		{57751C6C-42EB-49C1-ADFC-5127F91EFC7A}.Release|Any CPU.Build.0 = Release|Any CPU
	EndGlobalSection
	GlobalSection(SolutionProperties) = preSolution
		HideSolutionNode = FALSE
	EndGlobalSection
	GlobalSection(ExtensibilityGlobals) = postSolution
		SolutionGuid = {C64C2BA2-6263-4F4C-8339-D02124840C42}
	EndGlobalSection
EndGlobal
